// !$*UTF8*$!
{
	archiveVersion = 1;
	classes = {
	};
	objectVersion = 50;
	objects = {

/* Begin PBXBuildFile section */
		9C58F7E322564FD500AE51FD /* AppDelegate.swift in Sources */ = {isa = PBXBuildFile; fileRef = 9C58F7E222564FD500AE51FD /* AppDelegate.swift */; };
		9C58F7E522564FD500AE51FD /* MainViewController.swift in Sources */ = {isa = PBXBuildFile; fileRef = 9C58F7E422564FD500AE51FD /* MainViewController.swift */; };
		9C58F7EA22564FDA00AE51FD /* Assets.xcassets in Resources */ = {isa = PBXBuildFile; fileRef = 9C58F7E922564FDA00AE51FD /* Assets.xcassets */; };
		9C58F7ED22564FDA00AE51FD /* LaunchScreen.storyboard in Resources */ = {isa = PBXBuildFile; fileRef = 9C58F7EB22564FDA00AE51FD /* LaunchScreen.storyboard */; };
		9C58F7F822564FDB00AE51FD /* fudebakoTests.swift in Sources */ = {isa = PBXBuildFile; fileRef = 9C58F7F722564FDB00AE51FD /* fudebakoTests.swift */; };
		9C58F80422579A0900AE51FD /* AVFoundation.framework in Frameworks */ = {isa = PBXBuildFile; fileRef = 9C58F80322579A0900AE51FD /* AVFoundation.framework */; };
		C0BE1295226A25AD00E93D24 /* Appearance.swift in Sources */ = {isa = PBXBuildFile; fileRef = C0BE1294226A25AD00E93D24 /* Appearance.swift */; };
		C0BE1297226A28FE00E93D24 /* UIView+extensions.swift in Sources */ = {isa = PBXBuildFile; fileRef = C0BE1296226A28FE00E93D24 /* UIView+extensions.swift */; };
		C0BE1299226A2FF800E93D24 /* MainView.swift in Sources */ = {isa = PBXBuildFile; fileRef = C0BE1298226A2FF800E93D24 /* MainView.swift */; };
		C0BE129B226A34E800E93D24 /* MainTabViewController.swift in Sources */ = {isa = PBXBuildFile; fileRef = C0BE129A226A34E800E93D24 /* MainTabViewController.swift */; };
		C0BE129D226A352E00E93D24 /* SettingViewController.swift in Sources */ = {isa = PBXBuildFile; fileRef = C0BE129C226A352E00E93D24 /* SettingViewController.swift */; };
		C0BE129F226AB0DD00E93D24 /* HeaderView.swift in Sources */ = {isa = PBXBuildFile; fileRef = C0BE129E226AB0DD00E93D24 /* HeaderView.swift */; };
		C0BE12A1226AB46000E93D24 /* DatePickerViewCell.swift in Sources */ = {isa = PBXBuildFile; fileRef = C0BE12A0226AB46000E93D24 /* DatePickerViewCell.swift */; };
		C0BE12A7226B112600E93D24 /* Notification.swift in Sources */ = {isa = PBXBuildFile; fileRef = C0BE12A6226B112600E93D24 /* Notification.swift */; };
		C0BE12A9226B13E500E93D24 /* Setting.swift in Sources */ = {isa = PBXBuildFile; fileRef = C0BE12A8226B13E500E93D24 /* Setting.swift */; };
		C0BE12AB226B1E3100E93D24 /* SwiftyUserDefault.swift in Sources */ = {isa = PBXBuildFile; fileRef = C0BE12AA226B1E3100E93D24 /* SwiftyUserDefault.swift */; };
		C0BE12AD226B1EAD00E93D24 /* defaultKey+setting.swift in Sources */ = {isa = PBXBuildFile; fileRef = C0BE12AC226B1EAD00E93D24 /* defaultKey+setting.swift */; };
		C0BE12AF226B3E1000E93D24 /* MainViewModel.swift in Sources */ = {isa = PBXBuildFile; fileRef = C0BE12AE226B3E1000E93D24 /* MainViewModel.swift */; };
		C0BE12B2226B3E3300E93D24 /* SettingViewModel.swift in Sources */ = {isa = PBXBuildFile; fileRef = C0BE12B1226B3E3300E93D24 /* SettingViewModel.swift */; };
		C0BE12B4226B421300E93D24 /* DialogDisplayable.swift in Sources */ = {isa = PBXBuildFile; fileRef = C0BE12B3226B421300E93D24 /* DialogDisplayable.swift */; };
/* End PBXBuildFile section */

/* Begin PBXContainerItemProxy section */
		9C58F7F422564FDB00AE51FD /* PBXContainerItemProxy */ = {
			isa = PBXContainerItemProxy;
			containerPortal = 9C58F7D722564FD500AE51FD /* Project object */;
			proxyType = 1;
			remoteGlobalIDString = 9C58F7DE22564FD500AE51FD;
			remoteInfo = fudebako;
		};
/* End PBXContainerItemProxy section */

/* Begin PBXFileReference section */
		9C58F7DF22564FD500AE51FD /* fudebako.app */ = {isa = PBXFileReference; explicitFileType = wrapper.application; includeInIndex = 0; path = fudebako.app; sourceTree = BUILT_PRODUCTS_DIR; };
		9C58F7E222564FD500AE51FD /* AppDelegate.swift */ = {isa = PBXFileReference; lastKnownFileType = sourcecode.swift; path = AppDelegate.swift; sourceTree = "<group>"; };
		9C58F7E422564FD500AE51FD /* MainViewController.swift */ = {isa = PBXFileReference; lastKnownFileType = sourcecode.swift; path = MainViewController.swift; sourceTree = "<group>"; };
		9C58F7E922564FDA00AE51FD /* Assets.xcassets */ = {isa = PBXFileReference; lastKnownFileType = folder.assetcatalog; path = Assets.xcassets; sourceTree = "<group>"; };
		9C58F7EC22564FDA00AE51FD /* Base */ = {isa = PBXFileReference; lastKnownFileType = file.storyboard; name = Base; path = Base.lproj/LaunchScreen.storyboard; sourceTree = "<group>"; };
		9C58F7EE22564FDA00AE51FD /* Info.plist */ = {isa = PBXFileReference; lastKnownFileType = text.plist.xml; path = Info.plist; sourceTree = "<group>"; };
		9C58F7F322564FDB00AE51FD /* fudebakoTests.xctest */ = {isa = PBXFileReference; explicitFileType = wrapper.cfbundle; includeInIndex = 0; path = fudebakoTests.xctest; sourceTree = BUILT_PRODUCTS_DIR; };
		9C58F7F722564FDB00AE51FD /* fudebakoTests.swift */ = {isa = PBXFileReference; lastKnownFileType = sourcecode.swift; path = fudebakoTests.swift; sourceTree = "<group>"; };
		9C58F7F922564FDB00AE51FD /* Info.plist */ = {isa = PBXFileReference; lastKnownFileType = text.plist.xml; path = Info.plist; sourceTree = "<group>"; };
		9C58F80322579A0900AE51FD /* AVFoundation.framework */ = {isa = PBXFileReference; lastKnownFileType = wrapper.framework; name = AVFoundation.framework; path = System/Library/Frameworks/AVFoundation.framework; sourceTree = SDKROOT; };
		C0BE1294226A25AD00E93D24 /* Appearance.swift */ = {isa = PBXFileReference; lastKnownFileType = sourcecode.swift; path = Appearance.swift; sourceTree = "<group>"; };
		C0BE1296226A28FE00E93D24 /* UIView+extensions.swift */ = {isa = PBXFileReference; lastKnownFileType = sourcecode.swift; path = "UIView+extensions.swift"; sourceTree = "<group>"; };
		C0BE1298226A2FF800E93D24 /* MainView.swift */ = {isa = PBXFileReference; lastKnownFileType = sourcecode.swift; path = MainView.swift; sourceTree = "<group>"; };
		C0BE129A226A34E800E93D24 /* MainTabViewController.swift */ = {isa = PBXFileReference; lastKnownFileType = sourcecode.swift; path = MainTabViewController.swift; sourceTree = "<group>"; };
		C0BE129C226A352E00E93D24 /* SettingViewController.swift */ = {isa = PBXFileReference; lastKnownFileType = sourcecode.swift; path = SettingViewController.swift; sourceTree = "<group>"; };
		C0BE129E226AB0DD00E93D24 /* HeaderView.swift */ = {isa = PBXFileReference; lastKnownFileType = sourcecode.swift; path = HeaderView.swift; sourceTree = "<group>"; };
		C0BE12A0226AB46000E93D24 /* DatePickerViewCell.swift */ = {isa = PBXFileReference; lastKnownFileType = sourcecode.swift; path = DatePickerViewCell.swift; sourceTree = "<group>"; };
		C0BE12A6226B112600E93D24 /* Notification.swift */ = {isa = PBXFileReference; lastKnownFileType = sourcecode.swift; path = Notification.swift; sourceTree = "<group>"; };
		C0BE12A8226B13E500E93D24 /* Setting.swift */ = {isa = PBXFileReference; lastKnownFileType = sourcecode.swift; path = Setting.swift; sourceTree = "<group>"; };
		C0BE12AA226B1E3100E93D24 /* SwiftyUserDefault.swift */ = {isa = PBXFileReference; lastKnownFileType = sourcecode.swift; path = SwiftyUserDefault.swift; sourceTree = "<group>"; };
		C0BE12AC226B1EAD00E93D24 /* defaultKey+setting.swift */ = {isa = PBXFileReference; lastKnownFileType = sourcecode.swift; path = "defaultKey+setting.swift"; sourceTree = "<group>"; };
		C0BE12AE226B3E1000E93D24 /* MainViewModel.swift */ = {isa = PBXFileReference; lastKnownFileType = sourcecode.swift; path = MainViewModel.swift; sourceTree = "<group>"; };
		C0BE12B1226B3E3300E93D24 /* SettingViewModel.swift */ = {isa = PBXFileReference; lastKnownFileType = sourcecode.swift; path = SettingViewModel.swift; sourceTree = "<group>"; };
		C0BE12B3226B421300E93D24 /* DialogDisplayable.swift */ = {isa = PBXFileReference; lastKnownFileType = sourcecode.swift; path = DialogDisplayable.swift; sourceTree = "<group>"; };
/* End PBXFileReference section */

/* Begin PBXFrameworksBuildPhase section */
		9C58F7DC22564FD500AE51FD /* Frameworks */ = {
			isa = PBXFrameworksBuildPhase;
			buildActionMask = 2147483647;
			files = (
				9C58F80422579A0900AE51FD /* AVFoundation.framework in Frameworks */,
			);
			runOnlyForDeploymentPostprocessing = 0;
		};
		9C58F7F022564FDB00AE51FD /* Frameworks */ = {
			isa = PBXFrameworksBuildPhase;
			buildActionMask = 2147483647;
			files = (
			);
			runOnlyForDeploymentPostprocessing = 0;
		};
/* End PBXFrameworksBuildPhase section */

/* Begin PBXGroup section */
		9C58F7D622564FD500AE51FD = {
			isa = PBXGroup;
			children = (
				9C58F7E122564FD500AE51FD /* fudebako */,
				9C58F7F622564FDB00AE51FD /* fudebakoTests */,
				9C58F7E022564FD500AE51FD /* Products */,
				9C58F80222579A0900AE51FD /* Frameworks */,
			);
			sourceTree = "<group>";
		};
		9C58F7E022564FD500AE51FD /* Products */ = {
			isa = PBXGroup;
			children = (
				9C58F7DF22564FD500AE51FD /* fudebako.app */,
				9C58F7F322564FDB00AE51FD /* fudebakoTests.xctest */,
			);
			name = Products;
			sourceTree = "<group>";
		};
		9C58F7E122564FD500AE51FD /* fudebako */ = {
			isa = PBXGroup;
			children = (
				C0BE1293226A259100E93D24 /* Appearance */,
				C0BE128C226A209A00E93D24 /* ViewControllers */,
				C0BE1290226A247E00E93D24 /* Models */,
				C0BE128F226A247300E93D24 /* ViewModels */,
				C0BE128E226A245900E93D24 /* Extensions */,
				C0BE128D226A244C00E93D24 /* Views */,
				9C58F7E222564FD500AE51FD /* AppDelegate.swift */,
				C0BE12A2226AF2C700E93D24 /* Infrastructure */,
				9C58F7E922564FDA00AE51FD /* Assets.xcassets */,
				9C58F7EB22564FDA00AE51FD /* LaunchScreen.storyboard */,
				9C58F7EE22564FDA00AE51FD /* Info.plist */,
			);
			path = fudebako;
			sourceTree = "<group>";
		};
		9C58F7F622564FDB00AE51FD /* fudebakoTests */ = {
			isa = PBXGroup;
			children = (
				9C58F7F722564FDB00AE51FD /* fudebakoTests.swift */,
				9C58F7F922564FDB00AE51FD /* Info.plist */,
			);
			path = fudebakoTests;
			sourceTree = "<group>";
		};
		9C58F80222579A0900AE51FD /* Frameworks */ = {
			isa = PBXGroup;
			children = (
				9C58F80322579A0900AE51FD /* AVFoundation.framework */,
			);
			name = Frameworks;
			sourceTree = "<group>";
		};
		C0BE128C226A209A00E93D24 /* ViewControllers */ = {
			isa = PBXGroup;
			children = (
				C0BE129A226A34E800E93D24 /* MainTabViewController.swift */,
				9C58F7E422564FD500AE51FD /* MainViewController.swift */,
				C0BE129C226A352E00E93D24 /* SettingViewController.swift */,
			);
			path = ViewControllers;
			sourceTree = "<group>";
		};
		C0BE128D226A244C00E93D24 /* Views */ = {
			isa = PBXGroup;
			children = (
				C0BE1291226A24A700E93D24 /* MainView */,
				C0BE1292226A24B100E93D24 /* Settings */,
			);
			path = Views;
			sourceTree = "<group>";
		};
		C0BE128E226A245900E93D24 /* Extensions */ = {
			isa = PBXGroup;
			children = (
				C0BE1296226A28FE00E93D24 /* UIView+extensions.swift */,
				C0BE12AC226B1EAD00E93D24 /* defaultKey+setting.swift */,
				C0BE12B3226B421300E93D24 /* DialogDisplayable.swift */,
			);
			path = Extensions;
			sourceTree = "<group>";
		};
		C0BE128F226A247300E93D24 /* ViewModels */ = {
			isa = PBXGroup;
			children = (
				C0BE12B6226B5BAA00E93D24 /* SettingViewModel */,
				C0BE12B0226B3E1A00E93D24 /* MainViewModel */,
			);
			path = ViewModels;
			sourceTree = "<group>";
		};
		C0BE1290226A247E00E93D24 /* Models */ = {
			isa = PBXGroup;
			children = (
				C0BE12A8226B13E500E93D24 /* Setting.swift */,
			);
			path = Models;
			sourceTree = "<group>";
		};
		C0BE1291226A24A700E93D24 /* MainView */ = {
			isa = PBXGroup;
			children = (
				C0BE1298226A2FF800E93D24 /* MainView.swift */,
			);
			path = MainView;
			sourceTree = "<group>";
		};
		C0BE1292226A24B100E93D24 /* Settings */ = {
			isa = PBXGroup;
			children = (
				C0BE129E226AB0DD00E93D24 /* HeaderView.swift */,
				C0BE12A0226AB46000E93D24 /* DatePickerViewCell.swift */,
			);
			path = Settings;
			sourceTree = "<group>";
		};
		C0BE1293226A259100E93D24 /* Appearance */ = {
			isa = PBXGroup;
			children = (
				C0BE1294226A25AD00E93D24 /* Appearance.swift */,
			);
			path = Appearance;
			sourceTree = "<group>";
		};
		C0BE12A2226AF2C700E93D24 /* Infrastructure */ = {
			isa = PBXGroup;
			children = (
				C0BE12A3226AF2E400E93D24 /* Local */,
			);
			path = Infrastructure;
			sourceTree = "<group>";
		};
		C0BE12A3226AF2E400E93D24 /* Local */ = {
			isa = PBXGroup;
			children = (
				C0BE12A6226B112600E93D24 /* Notification.swift */,
				C0BE12AA226B1E3100E93D24 /* SwiftyUserDefault.swift */,
			);
			path = Local;
			sourceTree = "<group>";
		};
		C0BE12B0226B3E1A00E93D24 /* MainViewModel */ = {
			isa = PBXGroup;
			children = (
				C0BE12AE226B3E1000E93D24 /* MainViewModel.swift */,
			);
			path = MainViewModel;
			sourceTree = "<group>";
		};
		C0BE12B6226B5BAA00E93D24 /* SettingViewModel */ = {
			isa = PBXGroup;
			children = (
				C0BE12B1226B3E3300E93D24 /* SettingViewModel.swift */,
			);
			path = SettingViewModel;
			sourceTree = "<group>";
		};
/* End PBXGroup section */

/* Begin PBXNativeTarget section */
		9C58F7DE22564FD500AE51FD /* fudebako */ = {
			isa = PBXNativeTarget;
			buildConfigurationList = 9C58F7FC22564FDB00AE51FD /* Build configuration list for PBXNativeTarget "fudebako" */;
			buildPhases = (
				9C58F7DB22564FD500AE51FD /* Sources */,
				9C58F7DC22564FD500AE51FD /* Frameworks */,
				9C58F7DD22564FD500AE51FD /* Resources */,
			);
			buildRules = (
			);
			dependencies = (
			);
			name = fudebako;
			productName = fudebako;
			productReference = 9C58F7DF22564FD500AE51FD /* fudebako.app */;
			productType = "com.apple.product-type.application";
		};
		9C58F7F222564FDB00AE51FD /* fudebakoTests */ = {
			isa = PBXNativeTarget;
			buildConfigurationList = 9C58F7FF22564FDB00AE51FD /* Build configuration list for PBXNativeTarget "fudebakoTests" */;
			buildPhases = (
				9C58F7EF22564FDB00AE51FD /* Sources */,
				9C58F7F022564FDB00AE51FD /* Frameworks */,
				9C58F7F122564FDB00AE51FD /* Resources */,
			);
			buildRules = (
			);
			dependencies = (
				9C58F7F522564FDB00AE51FD /* PBXTargetDependency */,
			);
			name = fudebakoTests;
			productName = fudebakoTests;
			productReference = 9C58F7F322564FDB00AE51FD /* fudebakoTests.xctest */;
			productType = "com.apple.product-type.bundle.unit-test";
		};
/* End PBXNativeTarget section */

/* Begin PBXProject section */
		9C58F7D722564FD500AE51FD /* Project object */ = {
			isa = PBXProject;
			attributes = {
				LastSwiftUpdateCheck = 1010;
				LastUpgradeCheck = 1010;
				ORGANIZATIONNAME = "中川万莉奈";
				TargetAttributes = {
					9C58F7DE22564FD500AE51FD = {
						CreatedOnToolsVersion = 10.1;
					};
					9C58F7F222564FDB00AE51FD = {
						CreatedOnToolsVersion = 10.1;
						TestTargetID = 9C58F7DE22564FD500AE51FD;
					};
				};
			};
			buildConfigurationList = 9C58F7DA22564FD500AE51FD /* Build configuration list for PBXProject "fudebako" */;
			compatibilityVersion = "Xcode 9.3";
			developmentRegion = en;
			hasScannedForEncodings = 0;
			knownRegions = (
				en,
				Base,
			);
			mainGroup = 9C58F7D622564FD500AE51FD;
			productRefGroup = 9C58F7E022564FD500AE51FD /* Products */;
			projectDirPath = "";
			projectRoot = "";
			targets = (
				9C58F7DE22564FD500AE51FD /* fudebako */,
				9C58F7F222564FDB00AE51FD /* fudebakoTests */,
			);
		};
/* End PBXProject section */

/* Begin PBXResourcesBuildPhase section */
		9C58F7DD22564FD500AE51FD /* Resources */ = {
			isa = PBXResourcesBuildPhase;
			buildActionMask = 2147483647;
			files = (
				9C58F7ED22564FDA00AE51FD /* LaunchScreen.storyboard in Resources */,
				9C58F7EA22564FDA00AE51FD /* Assets.xcassets in Resources */,
			);
			runOnlyForDeploymentPostprocessing = 0;
		};
		9C58F7F122564FDB00AE51FD /* Resources */ = {
			isa = PBXResourcesBuildPhase;
			buildActionMask = 2147483647;
			files = (
			);
			runOnlyForDeploymentPostprocessing = 0;
		};
/* End PBXResourcesBuildPhase section */

/* Begin PBXSourcesBuildPhase section */
		9C58F7DB22564FD500AE51FD /* Sources */ = {
			isa = PBXSourcesBuildPhase;
			buildActionMask = 2147483647;
			files = (
				9C58F7E522564FD500AE51FD /* MainViewController.swift in Sources */,
				C0BE1295226A25AD00E93D24 /* Appearance.swift in Sources */,
				C0BE1297226A28FE00E93D24 /* UIView+extensions.swift in Sources */,
				C0BE12A1226AB46000E93D24 /* DatePickerViewCell.swift in Sources */,
				C0BE1299226A2FF800E93D24 /* MainView.swift in Sources */,
				9C58F7E322564FD500AE51FD /* AppDelegate.swift in Sources */,
				C0BE129D226A352E00E93D24 /* SettingViewController.swift in Sources */,
				C0BE12AF226B3E1000E93D24 /* MainViewModel.swift in Sources */,
				C0BE12AD226B1EAD00E93D24 /* defaultKey+setting.swift in Sources */,
				C0BE12A9226B13E500E93D24 /* Setting.swift in Sources */,
				C0BE12B2226B3E3300E93D24 /* SettingViewModel.swift in Sources */,
				C0BE12AB226B1E3100E93D24 /* SwiftyUserDefault.swift in Sources */,
				C0BE12B4226B421300E93D24 /* DialogDisplayable.swift in Sources */,
				C0BE129B226A34E800E93D24 /* MainTabViewController.swift in Sources */,
				C0BE12A7226B112600E93D24 /* Notification.swift in Sources */,
				C0BE129F226AB0DD00E93D24 /* HeaderView.swift in Sources */,
			);
			runOnlyForDeploymentPostprocessing = 0;
		};
		9C58F7EF22564FDB00AE51FD /* Sources */ = {
			isa = PBXSourcesBuildPhase;
			buildActionMask = 2147483647;
			files = (
				9C58F7F822564FDB00AE51FD /* fudebakoTests.swift in Sources */,
			);
			runOnlyForDeploymentPostprocessing = 0;
		};
/* End PBXSourcesBuildPhase section */

/* Begin PBXTargetDependency section */
		9C58F7F522564FDB00AE51FD /* PBXTargetDependency */ = {
			isa = PBXTargetDependency;
			target = 9C58F7DE22564FD500AE51FD /* fudebako */;
			targetProxy = 9C58F7F422564FDB00AE51FD /* PBXContainerItemProxy */;
		};
/* End PBXTargetDependency section */

/* Begin PBXVariantGroup section */
		9C58F7EB22564FDA00AE51FD /* LaunchScreen.storyboard */ = {
			isa = PBXVariantGroup;
			children = (
				9C58F7EC22564FDA00AE51FD /* Base */,
			);
			name = LaunchScreen.storyboard;
			sourceTree = "<group>";
		};
/* End PBXVariantGroup section */

/* Begin XCBuildConfiguration section */
		9C58F7FA22564FDB00AE51FD /* Debug */ = {
			isa = XCBuildConfiguration;
			buildSettings = {
				ALWAYS_SEARCH_USER_PATHS = NO;
				CLANG_ANALYZER_NONNULL = YES;
				CLANG_ANALYZER_NUMBER_OBJECT_CONVERSION = YES_AGGRESSIVE;
				CLANG_CXX_LANGUAGE_STANDARD = "gnu++14";
				CLANG_CXX_LIBRARY = "libc++";
				CLANG_ENABLE_MODULES = YES;
				CLANG_ENABLE_OBJC_ARC = YES;
				CLANG_ENABLE_OBJC_WEAK = YES;
				CLANG_WARN_BLOCK_CAPTURE_AUTORELEASING = YES;
				CLANG_WARN_BOOL_CONVERSION = YES;
				CLANG_WARN_COMMA = YES;
				CLANG_WARN_CONSTANT_CONVERSION = YES;
				CLANG_WARN_DEPRECATED_OBJC_IMPLEMENTATIONS = YES;
				CLANG_WARN_DIRECT_OBJC_ISA_USAGE = YES_ERROR;
				CLANG_WARN_DOCUMENTATION_COMMENTS = YES;
				CLANG_WARN_EMPTY_BODY = YES;
				CLANG_WARN_ENUM_CONVERSION = YES;
				CLANG_WARN_INFINITE_RECURSION = YES;
				CLANG_WARN_INT_CONVERSION = YES;
				CLANG_WARN_NON_LITERAL_NULL_CONVERSION = YES;
				CLANG_WARN_OBJC_IMPLICIT_RETAIN_SELF = YES;
				CLANG_WARN_OBJC_LITERAL_CONVERSION = YES;
				CLANG_WARN_OBJC_ROOT_CLASS = YES_ERROR;
				CLANG_WARN_RANGE_LOOP_ANALYSIS = YES;
				CLANG_WARN_STRICT_PROTOTYPES = YES;
				CLANG_WARN_SUSPICIOUS_MOVE = YES;
				CLANG_WARN_UNGUARDED_AVAILABILITY = YES_AGGRESSIVE;
				CLANG_WARN_UNREACHABLE_CODE = YES;
				CLANG_WARN__DUPLICATE_METHOD_MATCH = YES;
				CODE_SIGN_IDENTITY = "iPhone Developer";
				COPY_PHASE_STRIP = NO;
				DEBUG_INFORMATION_FORMAT = dwarf;
				ENABLE_STRICT_OBJC_MSGSEND = YES;
				ENABLE_TESTABILITY = YES;
				GCC_C_LANGUAGE_STANDARD = gnu11;
				GCC_DYNAMIC_NO_PIC = NO;
				GCC_NO_COMMON_BLOCKS = YES;
				GCC_OPTIMIZATION_LEVEL = 0;
				GCC_PREPROCESSOR_DEFINITIONS = (
					"DEBUG=1",
					"$(inherited)",
				);
				GCC_WARN_64_TO_32_BIT_CONVERSION = YES;
				GCC_WARN_ABOUT_RETURN_TYPE = YES_ERROR;
				GCC_WARN_UNDECLARED_SELECTOR = YES;
				GCC_WARN_UNINITIALIZED_AUTOS = YES_AGGRESSIVE;
				GCC_WARN_UNUSED_FUNCTION = YES;
				GCC_WARN_UNUSED_VARIABLE = YES;
				IPHONEOS_DEPLOYMENT_TARGET = 12.1;
				MTL_ENABLE_DEBUG_INFO = INCLUDE_SOURCE;
				MTL_FAST_MATH = YES;
				ONLY_ACTIVE_ARCH = YES;
				SDKROOT = iphoneos;
				SWIFT_ACTIVE_COMPILATION_CONDITIONS = DEBUG;
				SWIFT_OPTIMIZATION_LEVEL = "-Onone";
			};
			name = Debug;
		};
		9C58F7FB22564FDB00AE51FD /* Release */ = {
			isa = XCBuildConfiguration;
			buildSettings = {
				ALWAYS_SEARCH_USER_PATHS = NO;
				CLANG_ANALYZER_NONNULL = YES;
				CLANG_ANALYZER_NUMBER_OBJECT_CONVERSION = YES_AGGRESSIVE;
				CLANG_CXX_LANGUAGE_STANDARD = "gnu++14";
				CLANG_CXX_LIBRARY = "libc++";
				CLANG_ENABLE_MODULES = YES;
				CLANG_ENABLE_OBJC_ARC = YES;
				CLANG_ENABLE_OBJC_WEAK = YES;
				CLANG_WARN_BLOCK_CAPTURE_AUTORELEASING = YES;
				CLANG_WARN_BOOL_CONVERSION = YES;
				CLANG_WARN_COMMA = YES;
				CLANG_WARN_CONSTANT_CONVERSION = YES;
				CLANG_WARN_DEPRECATED_OBJC_IMPLEMENTATIONS = YES;
				CLANG_WARN_DIRECT_OBJC_ISA_USAGE = YES_ERROR;
				CLANG_WARN_DOCUMENTATION_COMMENTS = YES;
				CLANG_WARN_EMPTY_BODY = YES;
				CLANG_WARN_ENUM_CONVERSION = YES;
				CLANG_WARN_INFINITE_RECURSION = YES;
				CLANG_WARN_INT_CONVERSION = YES;
				CLANG_WARN_NON_LITERAL_NULL_CONVERSION = YES;
				CLANG_WARN_OBJC_IMPLICIT_RETAIN_SELF = YES;
				CLANG_WARN_OBJC_LITERAL_CONVERSION = YES;
				CLANG_WARN_OBJC_ROOT_CLASS = YES_ERROR;
				CLANG_WARN_RANGE_LOOP_ANALYSIS = YES;
				CLANG_WARN_STRICT_PROTOTYPES = YES;
				CLANG_WARN_SUSPICIOUS_MOVE = YES;
				CLANG_WARN_UNGUARDED_AVAILABILITY = YES_AGGRESSIVE;
				CLANG_WARN_UNREACHABLE_CODE = YES;
				CLANG_WARN__DUPLICATE_METHOD_MATCH = YES;
				CODE_SIGN_IDENTITY = "iPhone Developer";
				COPY_PHASE_STRIP = NO;
				DEBUG_INFORMATION_FORMAT = "dwarf-with-dsym";
				ENABLE_NS_ASSERTIONS = NO;
				ENABLE_STRICT_OBJC_MSGSEND = YES;
				GCC_C_LANGUAGE_STANDARD = gnu11;
				GCC_NO_COMMON_BLOCKS = YES;
				GCC_WARN_64_TO_32_BIT_CONVERSION = YES;
				GCC_WARN_ABOUT_RETURN_TYPE = YES_ERROR;
				GCC_WARN_UNDECLARED_SELECTOR = YES;
				GCC_WARN_UNINITIALIZED_AUTOS = YES_AGGRESSIVE;
				GCC_WARN_UNUSED_FUNCTION = YES;
				GCC_WARN_UNUSED_VARIABLE = YES;
				IPHONEOS_DEPLOYMENT_TARGET = 12.1;
				MTL_ENABLE_DEBUG_INFO = NO;
				MTL_FAST_MATH = YES;
				SDKROOT = iphoneos;
				SWIFT_COMPILATION_MODE = wholemodule;
				SWIFT_OPTIMIZATION_LEVEL = "-O";
				VALIDATE_PRODUCT = YES;
			};
			name = Release;
		};
		9C58F7FD22564FDB00AE51FD /* Debug */ = {
			isa = XCBuildConfiguration;
			buildSettings = {
				ASSETCATALOG_COMPILER_APPICON_NAME = AppIcon;
				CODE_SIGN_STYLE = Automatic;
				DEVELOPMENT_TEAM = 78Q29B3V8M;
				INFOPLIST_FILE = fudebako/Info.plist;
				IPHONEOS_DEPLOYMENT_TARGET = 11.0;
				LD_RUNPATH_SEARCH_PATHS = (
					"$(inherited)",
					"@executable_path/Frameworks",
				);
				PRODUCT_BUNDLE_IDENTIFIER = jp.MarinaNakgawa.fudebako;
				PRODUCT_NAME = "$(TARGET_NAME)";
				SWIFT_VERSION = 4.2;
				TARGETED_DEVICE_FAMILY = "1,2";
			};
			name = Debug;
		};
		9C58F7FE22564FDB00AE51FD /* Release */ = {
			isa = XCBuildConfiguration;
			buildSettings = {
				ASSETCATALOG_COMPILER_APPICON_NAME = AppIcon;
				CODE_SIGN_STYLE = Automatic;
				DEVELOPMENT_TEAM = 78Q29B3V8M;
				INFOPLIST_FILE = fudebako/Info.plist;
				IPHONEOS_DEPLOYMENT_TARGET = 11.0;
				LD_RUNPATH_SEARCH_PATHS = (
					"$(inherited)",
					"@executable_path/Frameworks",
				);
				PRODUCT_BUNDLE_IDENTIFIER = jp.MarinaNakgawa.fudebako;
				PRODUCT_NAME = "$(TARGET_NAME)";
				SWIFT_VERSION = 4.2;
				TARGETED_DEVICE_FAMILY = "1,2";
			};
			name = Release;
		};
		9C58F80022564FDB00AE51FD /* Debug */ = {
			isa = XCBuildConfiguration;
			buildSettings = {
				ALWAYS_EMBED_SWIFT_STANDARD_LIBRARIES = YES;
				BUNDLE_LOADER = "$(TEST_HOST)";
				CODE_SIGN_STYLE = Automatic;
				DEVELOPMENT_TEAM = 78Q29B3V8M;
				INFOPLIST_FILE = fudebakoTests/Info.plist;
				LD_RUNPATH_SEARCH_PATHS = (
					"$(inherited)",
					"@executable_path/Frameworks",
					"@loader_path/Frameworks",
				);
				PRODUCT_BUNDLE_IDENTIFIER = jp.MarinaNakgawa.fudebakoTests;
				PRODUCT_NAME = "$(TARGET_NAME)";
				SWIFT_VERSION = 4.2;
				TARGETED_DEVICE_FAMILY = "1,2";
				TEST_HOST = "$(BUILT_PRODUCTS_DIR)/fudebako.app/fudebako";
			};
			name = Debug;
		};
		9C58F80122564FDB00AE51FD /* Release */ = {
			isa = XCBuildConfiguration;
			buildSettings = {
				ALWAYS_EMBED_SWIFT_STANDARD_LIBRARIES = YES;
				BUNDLE_LOADER = "$(TEST_HOST)";
				CODE_SIGN_STYLE = Automatic;
				DEVELOPMENT_TEAM = 78Q29B3V8M;
				INFOPLIST_FILE = fudebakoTests/Info.plist;
				LD_RUNPATH_SEARCH_PATHS = (
					"$(inherited)",
					"@executable_path/Frameworks",
					"@loader_path/Frameworks",
				);
				PRODUCT_BUNDLE_IDENTIFIER = jp.MarinaNakgawa.fudebakoTests;
				PRODUCT_NAME = "$(TARGET_NAME)";
				SWIFT_VERSION = 4.2;
				TARGETED_DEVICE_FAMILY = "1,2";
				TEST_HOST = "$(BUILT_PRODUCTS_DIR)/fudebako.app/fudebako";
			};
			name = Release;
		};
/* End XCBuildConfiguration section */

/* Begin XCConfigurationList section */
		9C58F7DA22564FD500AE51FD /* Build configuration list for PBXProject "fudebako" */ = {
			isa = XCConfigurationList;
			buildConfigurations = (
				9C58F7FA22564FDB00AE51FD /* Debug */,
				9C58F7FB22564FDB00AE51FD /* Release */,
			);
			defaultConfigurationIsVisible = 0;
			defaultConfigurationName = Release;
		};
		9C58F7FC22564FDB00AE51FD /* Build configuration list for PBXNativeTarget "fudebako" */ = {
			isa = XCConfigurationList;
			buildConfigurations = (
				9C58F7FD22564FDB00AE51FD /* Debug */,
				9C58F7FE22564FDB00AE51FD /* Release */,
			);
			defaultConfigurationIsVisible = 0;
			defaultConfigurationName = Release;
		};
		9C58F7FF22564FDB00AE51FD /* Build configuration list for PBXNativeTarget "fudebakoTests" */ = {
			isa = XCConfigurationList;
			buildConfigurations = (
				9C58F80022564FDB00AE51FD /* Debug */,
				9C58F80122564FDB00AE51FD /* Release */,
			);
			defaultConfigurationIsVisible = 0;
			defaultConfigurationName = Release;
		};
/* End XCConfigurationList section */
	};
	rootObject = 9C58F7D722564FD500AE51FD /* Project object */;
}
